// !$*UTF8*$!
{
	archiveVersion = 1;
	classes = {
	};
	objectVersion = 56;
	objects = {

/* Begin PBXBuildFile section */
		CEE27F5E29D8598600A304C5 /* AppDelegate.swift in Sources */ = {isa = PBXBuildFile; fileRef = CEE27F5D29D8598600A304C5 /* AppDelegate.swift */; };
		CEE27F6029D8598600A304C5 /* SceneDelegate.swift in Sources */ = {isa = PBXBuildFile; fileRef = CEE27F5F29D8598600A304C5 /* SceneDelegate.swift */; };
		CEE27F6229D8598600A304C5 /* ViewController.swift in Sources */ = {isa = PBXBuildFile; fileRef = CEE27F6129D8598600A304C5 /* ViewController.swift */; };
		CEE27F6529D8598600A304C5 /* Main.storyboard in Resources */ = {isa = PBXBuildFile; fileRef = CEE27F6329D8598600A304C5 /* Main.storyboard */; };
		CEE27F6829D8598600A304C5 /* scaling_categorization.xcdatamodeld in Sources */ = {isa = PBXBuildFile; fileRef = CEE27F6629D8598600A304C5 /* scaling_categorization.xcdatamodeld */; };
		CEE27F6A29D8598900A304C5 /* Assets.xcassets in Resources */ = {isa = PBXBuildFile; fileRef = CEE27F6929D8598900A304C5 /* Assets.xcassets */; };
		CEE27F6D29D8598900A304C5 /* LaunchScreen.storyboard in Resources */ = {isa = PBXBuildFile; fileRef = CEE27F6B29D8598900A304C5 /* LaunchScreen.storyboard */; };
		CEE27F7829D8598A00A304C5 /* scaling_categorizationTests.swift in Sources */ = {isa = PBXBuildFile; fileRef = CEE27F7729D8598A00A304C5 /* scaling_categorizationTests.swift */; };
		CEE27F8229D8598A00A304C5 /* scaling_categorizationUITests.swift in Sources */ = {isa = PBXBuildFile; fileRef = CEE27F8129D8598A00A304C5 /* scaling_categorizationUITests.swift */; };
		CEE27F8429D8598A00A304C5 /* scaling_categorizationUITestsLaunchTests.swift in Sources */ = {isa = PBXBuildFile; fileRef = CEE27F8329D8598A00A304C5 /* scaling_categorizationUITestsLaunchTests.swift */; };
/* End PBXBuildFile section */

/* Begin PBXContainerItemProxy section */
		CEE27F7429D8598A00A304C5 /* PBXContainerItemProxy */ = {
			isa = PBXContainerItemProxy;
			containerPortal = CEE27F5229D8598600A304C5 /* Project object */;
			proxyType = 1;
			remoteGlobalIDString = CEE27F5929D8598600A304C5;
			remoteInfo = "scaling-categorization";
		};
		CEE27F7E29D8598A00A304C5 /* PBXContainerItemProxy */ = {
			isa = PBXContainerItemProxy;
			containerPortal = CEE27F5229D8598600A304C5 /* Project object */;
			proxyType = 1;
			remoteGlobalIDString = CEE27F5929D8598600A304C5;
			remoteInfo = "scaling-categorization";
		};
/* End PBXContainerItemProxy section */

/* Begin PBXFileReference section */
		CEE27F5A29D8598600A304C5 /* scaling-categorization.app */ = {isa = PBXFileReference; explicitFileType = wrapper.application; includeInIndex = 0; path = "scaling-categorization.app"; sourceTree = BUILT_PRODUCTS_DIR; };
		CEE27F5D29D8598600A304C5 /* AppDelegate.swift */ = {isa = PBXFileReference; lastKnownFileType = sourcecode.swift; path = AppDelegate.swift; sourceTree = "<group>"; };
		CEE27F5F29D8598600A304C5 /* SceneDelegate.swift */ = {isa = PBXFileReference; lastKnownFileType = sourcecode.swift; path = SceneDelegate.swift; sourceTree = "<group>"; };
		CEE27F6129D8598600A304C5 /* ViewController.swift */ = {isa = PBXFileReference; lastKnownFileType = sourcecode.swift; path = ViewController.swift; sourceTree = "<group>"; };
		CEE27F6429D8598600A304C5 /* Base */ = {isa = PBXFileReference; lastKnownFileType = file.storyboard; name = Base; path = Base.lproj/Main.storyboard; sourceTree = "<group>"; };
		CEE27F6729D8598600A304C5 /* scaling_categorization.xcdatamodel */ = {isa = PBXFileReference; lastKnownFileType = wrapper.xcdatamodel; path = scaling_categorization.xcdatamodel; sourceTree = "<group>"; };
		CEE27F6929D8598900A304C5 /* Assets.xcassets */ = {isa = PBXFileReference; lastKnownFileType = folder.assetcatalog; path = Assets.xcassets; sourceTree = "<group>"; };
		CEE27F6C29D8598900A304C5 /* Base */ = {isa = PBXFileReference; lastKnownFileType = file.storyboard; name = Base; path = Base.lproj/LaunchScreen.storyboard; sourceTree = "<group>"; };
		CEE27F6E29D8598900A304C5 /* Info.plist */ = {isa = PBXFileReference; lastKnownFileType = text.plist.xml; path = Info.plist; sourceTree = "<group>"; };
		CEE27F7329D8598A00A304C5 /* scaling-categorizationTests.xctest */ = {isa = PBXFileReference; explicitFileType = wrapper.cfbundle; includeInIndex = 0; path = "scaling-categorizationTests.xctest"; sourceTree = BUILT_PRODUCTS_DIR; };
		CEE27F7729D8598A00A304C5 /* scaling_categorizationTests.swift */ = {isa = PBXFileReference; lastKnownFileType = sourcecode.swift; path = scaling_categorizationTests.swift; sourceTree = "<group>"; };
		CEE27F7D29D8598A00A304C5 /* scaling-categorizationUITests.xctest */ = {isa = PBXFileReference; explicitFileType = wrapper.cfbundle; includeInIndex = 0; path = "scaling-categorizationUITests.xctest"; sourceTree = BUILT_PRODUCTS_DIR; };
		CEE27F8129D8598A00A304C5 /* scaling_categorizationUITests.swift */ = {isa = PBXFileReference; lastKnownFileType = sourcecode.swift; path = scaling_categorizationUITests.swift; sourceTree = "<group>"; };
		CEE27F8329D8598A00A304C5 /* scaling_categorizationUITestsLaunchTests.swift */ = {isa = PBXFileReference; lastKnownFileType = sourcecode.swift; path = scaling_categorizationUITestsLaunchTests.swift; sourceTree = "<group>"; };
/* End PBXFileReference section */

/* Begin PBXFrameworksBuildPhase section */
		CEE27F5729D8598600A304C5 /* Frameworks */ = {
			isa = PBXFrameworksBuildPhase;
			buildActionMask = 2147483647;
			files = (
			);
			runOnlyForDeploymentPostprocessing = 0;
		};
		CEE27F7029D8598A00A304C5 /* Frameworks */ = {
			isa = PBXFrameworksBuildPhase;
			buildActionMask = 2147483647;
			files = (
			);
			runOnlyForDeploymentPostprocessing = 0;
		};
		CEE27F7A29D8598A00A304C5 /* Frameworks */ = {
			isa = PBXFrameworksBuildPhase;
			buildActionMask = 2147483647;
			files = (
			);
			runOnlyForDeploymentPostprocessing = 0;
		};
/* End PBXFrameworksBuildPhase section */

/* Begin PBXGroup section */
		CEE27F5129D8598600A304C5 = {
			isa = PBXGroup;
			children = (
				CEE27F5C29D8598600A304C5 /* scaling-categorization */,
				CEE27F7629D8598A00A304C5 /* scaling-categorizationTests */,
				CEE27F8029D8598A00A304C5 /* scaling-categorizationUITests */,
				CEE27F5B29D8598600A304C5 /* Products */,
			);
			sourceTree = "<group>";
		};
		CEE27F5B29D8598600A304C5 /* Products */ = {
			isa = PBXGroup;
			children = (
				CEE27F5A29D8598600A304C5 /* scaling-categorization.app */,
				CEE27F7329D8598A00A304C5 /* scaling-categorizationTests.xctest */,
				CEE27F7D29D8598A00A304C5 /* scaling-categorizationUITests.xctest */,
			);
			name = Products;
			sourceTree = "<group>";
		};
		CEE27F5C29D8598600A304C5 /* scaling-categorization */ = {
			isa = PBXGroup;
			children = (
				CEE27F5D29D8598600A304C5 /* AppDelegate.swift */,
				CEE27F5F29D8598600A304C5 /* SceneDelegate.swift */,
				CEE27F6129D8598600A304C5 /* ViewController.swift */,
				CEE27F6329D8598600A304C5 /* Main.storyboard */,
				CEE27F6929D8598900A304C5 /* Assets.xcassets */,
				CEE27F6B29D8598900A304C5 /* LaunchScreen.storyboard */,
				CEE27F6E29D8598900A304C5 /* Info.plist */,
				CEE27F6629D8598600A304C5 /* scaling_categorization.xcdatamodeld */,
			);
			path = "scaling-categorization";
			sourceTree = "<group>";
		};
		CEE27F7629D8598A00A304C5 /* scaling-categorizationTests */ = {
			isa = PBXGroup;
			children = (
				CEE27F7729D8598A00A304C5 /* scaling_categorizationTests.swift */,
			);
			path = "scaling-categorizationTests";
			sourceTree = "<group>";
		};
		CEE27F8029D8598A00A304C5 /* scaling-categorizationUITests */ = {
			isa = PBXGroup;
			children = (
				CEE27F8129D8598A00A304C5 /* scaling_categorizationUITests.swift */,
				CEE27F8329D8598A00A304C5 /* scaling_categorizationUITestsLaunchTests.swift */,
			);
			path = "scaling-categorizationUITests";
			sourceTree = "<group>";
		};
/* End PBXGroup section */

/* Begin PBXNativeTarget section */
		CEE27F5929D8598600A304C5 /* scaling-categorization */ = {
			isa = PBXNativeTarget;
			buildConfigurationList = CEE27F8729D8598A00A304C5 /* Build configuration list for PBXNativeTarget "scaling-categorization" */;
			buildPhases = (
				CEE27F5629D8598600A304C5 /* Sources */,
				CEE27F5729D8598600A304C5 /* Frameworks */,
				CEE27F5829D8598600A304C5 /* Resources */,
			);
			buildRules = (
			);
			dependencies = (
			);
			name = "scaling-categorization";
			productName = "scaling-categorization";
			productReference = CEE27F5A29D8598600A304C5 /* scaling-categorization.app */;
			productType = "com.apple.product-type.application";
		};
		CEE27F7229D8598A00A304C5 /* scaling-categorizationTests */ = {
			isa = PBXNativeTarget;
			buildConfigurationList = CEE27F8A29D8598A00A304C5 /* Build configuration list for PBXNativeTarget "scaling-categorizationTests" */;
			buildPhases = (
				CEE27F6F29D8598A00A304C5 /* Sources */,
				CEE27F7029D8598A00A304C5 /* Frameworks */,
				CEE27F7129D8598A00A304C5 /* Resources */,
			);
			buildRules = (
			);
			dependencies = (
				CEE27F7529D8598A00A304C5 /* PBXTargetDependency */,
			);
			name = "scaling-categorizationTests";
			productName = "scaling-categorizationTests";
			productReference = CEE27F7329D8598A00A304C5 /* scaling-categorizationTests.xctest */;
			productType = "com.apple.product-type.bundle.unit-test";
		};
		CEE27F7C29D8598A00A304C5 /* scaling-categorizationUITests */ = {
			isa = PBXNativeTarget;
			buildConfigurationList = CEE27F8D29D8598A00A304C5 /* Build configuration list for PBXNativeTarget "scaling-categorizationUITests" */;
			buildPhases = (
				CEE27F7929D8598A00A304C5 /* Sources */,
				CEE27F7A29D8598A00A304C5 /* Frameworks */,
				CEE27F7B29D8598A00A304C5 /* Resources */,
			);
			buildRules = (
			);
			dependencies = (
				CEE27F7F29D8598A00A304C5 /* PBXTargetDependency */,
			);
			name = "scaling-categorizationUITests";
			productName = "scaling-categorizationUITests";
			productReference = CEE27F7D29D8598A00A304C5 /* scaling-categorizationUITests.xctest */;
			productType = "com.apple.product-type.bundle.ui-testing";
		};
/* End PBXNativeTarget section */

/* Begin PBXProject section */
		CEE27F5229D8598600A304C5 /* Project object */ = {
			isa = PBXProject;
			attributes = {
				BuildIndependentTargetsInParallel = 1;
				LastSwiftUpdateCheck = 1430;
				LastUpgradeCheck = 1430;
				TargetAttributes = {
					CEE27F5929D8598600A304C5 = {
						CreatedOnToolsVersion = 14.3;
					};
					CEE27F7229D8598A00A304C5 = {
						CreatedOnToolsVersion = 14.3;
						TestTargetID = CEE27F5929D8598600A304C5;
					};
					CEE27F7C29D8598A00A304C5 = {
						CreatedOnToolsVersion = 14.3;
						TestTargetID = CEE27F5929D8598600A304C5;
					};
				};
			};
			buildConfigurationList = CEE27F5529D8598600A304C5 /* Build configuration list for PBXProject "scaling-categorization" */;
			compatibilityVersion = "Xcode 14.0";
			developmentRegion = en;
			hasScannedForEncodings = 0;
			knownRegions = (
				en,
				Base,
			);
			mainGroup = CEE27F5129D8598600A304C5;
			productRefGroup = CEE27F5B29D8598600A304C5 /* Products */;
			projectDirPath = "";
			projectRoot = "";
			targets = (
				CEE27F5929D8598600A304C5 /* scaling-categorization */,
				CEE27F7229D8598A00A304C5 /* scaling-categorizationTests */,
				CEE27F7C29D8598A00A304C5 /* scaling-categorizationUITests */,
			);
		};
/* End PBXProject section */

/* Begin PBXResourcesBuildPhase section */
		CEE27F5829D8598600A304C5 /* Resources */ = {
			isa = PBXResourcesBuildPhase;
			buildActionMask = 2147483647;
			files = (
				CEE27F6D29D8598900A304C5 /* LaunchScreen.storyboard in Resources */,
				CEE27F6A29D8598900A304C5 /* Assets.xcassets in Resources */,
				CEE27F6529D8598600A304C5 /* Main.storyboard in Resources */,
			);
			runOnlyForDeploymentPostprocessing = 0;
		};
		CEE27F7129D8598A00A304C5 /* Resources */ = {
			isa = PBXResourcesBuildPhase;
			buildActionMask = 2147483647;
			files = (
			);
			runOnlyForDeploymentPostprocessing = 0;
		};
		CEE27F7B29D8598A00A304C5 /* Resources */ = {
			isa = PBXResourcesBuildPhase;
			buildActionMask = 2147483647;
			files = (
			);
			runOnlyForDeploymentPostprocessing = 0;
		};
/* End PBXResourcesBuildPhase section */

/* Begin PBXSourcesBuildPhase section */
		CEE27F5629D8598600A304C5 /* Sources */ = {
			isa = PBXSourcesBuildPhase;
			buildActionMask = 2147483647;
			files = (
				CEE27F6229D8598600A304C5 /* ViewController.swift in Sources */,
				CEE27F5E29D8598600A304C5 /* AppDelegate.swift in Sources */,
				CEE27F6829D8598600A304C5 /* scaling_categorization.xcdatamodeld in Sources */,
				CEE27F6029D8598600A304C5 /* SceneDelegate.swift in Sources */,
			);
			runOnlyForDeploymentPostprocessing = 0;
		};
		CEE27F6F29D8598A00A304C5 /* Sources */ = {
			isa = PBXSourcesBuildPhase;
			buildActionMask = 2147483647;
			files = (
				CEE27F7829D8598A00A304C5 /* scaling_categorizationTests.swift in Sources */,
			);
			runOnlyForDeploymentPostprocessing = 0;
		};
		CEE27F7929D8598A00A304C5 /* Sources */ = {
			isa = PBXSourcesBuildPhase;
			buildActionMask = 2147483647;
			files = (
				CEE27F8229D8598A00A304C5 /* scaling_categorizationUITests.swift in Sources */,
				CEE27F8429D8598A00A304C5 /* scaling_categorizationUITestsLaunchTests.swift in Sources */,
			);
			runOnlyForDeploymentPostprocessing = 0;
		};
/* End PBXSourcesBuildPhase section */

/* Begin PBXTargetDependency section */
		CEE27F7529D8598A00A304C5 /* PBXTargetDependency */ = {
			isa = PBXTargetDependency;
			target = CEE27F5929D8598600A304C5 /* scaling-categorization */;
			targetProxy = CEE27F7429D8598A00A304C5 /* PBXContainerItemProxy */;
		};
		CEE27F7F29D8598A00A304C5 /* PBXTargetDependency */ = {
			isa = PBXTargetDependency;
			target = CEE27F5929D8598600A304C5 /* scaling-categorization */;
			targetProxy = CEE27F7E29D8598A00A304C5 /* PBXContainerItemProxy */;
		};
/* End PBXTargetDependency section */

/* Begin PBXVariantGroup section */
		CEE27F6329D8598600A304C5 /* Main.storyboard */ = {
			isa = PBXVariantGroup;
			children = (
				CEE27F6429D8598600A304C5 /* Base */,
			);
			name = Main.storyboard;
			sourceTree = "<group>";
		};
		CEE27F6B29D8598900A304C5 /* LaunchScreen.storyboard */ = {
			isa = PBXVariantGroup;
			children = (
				CEE27F6C29D8598900A304C5 /* Base */,
			);
			name = LaunchScreen.storyboard;
			sourceTree = "<group>";
		};
/* End PBXVariantGroup section */

/* Begin XCBuildConfiguration section */
		CEE27F8529D8598A00A304C5 /* Debug */ = {
			isa = XCBuildConfiguration;
			buildSettings = {
				ALWAYS_SEARCH_USER_PATHS = NO;
				CLANG_ANALYZER_NONNULL = YES;
				CLANG_ANALYZER_NUMBER_OBJECT_CONVERSION = YES_AGGRESSIVE;
				CLANG_CXX_LANGUAGE_STANDARD = "gnu++20";
				CLANG_ENABLE_MODULES = YES;
				CLANG_ENABLE_OBJC_ARC = YES;
				CLANG_ENABLE_OBJC_WEAK = YES;
				CLANG_WARN_BLOCK_CAPTURE_AUTORELEASING = YES;
				CLANG_WARN_BOOL_CONVERSION = YES;
				CLANG_WARN_COMMA = YES;
				CLANG_WARN_CONSTANT_CONVERSION = YES;
				CLANG_WARN_DEPRECATED_OBJC_IMPLEMENTATIONS = YES;
				CLANG_WARN_DIRECT_OBJC_ISA_USAGE = YES_ERROR;
				CLANG_WARN_DOCUMENTATION_COMMENTS = YES;
				CLANG_WARN_EMPTY_BODY = YES;
				CLANG_WARN_ENUM_CONVERSION = YES;
				CLANG_WARN_INFINITE_RECURSION = YES;
				CLANG_WARN_INT_CONVERSION = YES;
				CLANG_WARN_NON_LITERAL_NULL_CONVERSION = YES;
				CLANG_WARN_OBJC_IMPLICIT_RETAIN_SELF = YES;
				CLANG_WARN_OBJC_LITERAL_CONVERSION = YES;
				CLANG_WARN_OBJC_ROOT_CLASS = YES_ERROR;
				CLANG_WARN_QUOTED_INCLUDE_IN_FRAMEWORK_HEADER = YES;
				CLANG_WARN_RANGE_LOOP_ANALYSIS = YES;
				CLANG_WARN_STRICT_PROTOTYPES = YES;
				CLANG_WARN_SUSPICIOUS_MOVE = YES;
				CLANG_WARN_UNGUARDED_AVAILABILITY = YES_AGGRESSIVE;
				CLANG_WARN_UNREACHABLE_CODE = YES;
				CLANG_WARN__DUPLICATE_METHOD_MATCH = YES;
				COPY_PHASE_STRIP = NO;
				DEBUG_INFORMATION_FORMAT = dwarf;
				ENABLE_STRICT_OBJC_MSGSEND = YES;
				ENABLE_TESTABILITY = YES;
				GCC_C_LANGUAGE_STANDARD = gnu11;
				GCC_DYNAMIC_NO_PIC = NO;
				GCC_NO_COMMON_BLOCKS = YES;
				GCC_OPTIMIZATION_LEVEL = 0;
				GCC_PREPROCESSOR_DEFINITIONS = (
					"DEBUG=1",
					"$(inherited)",
				);
				GCC_WARN_64_TO_32_BIT_CONVERSION = YES;
				GCC_WARN_ABOUT_RETURN_TYPE = YES_ERROR;
				GCC_WARN_UNDECLARED_SELECTOR = YES;
				GCC_WARN_UNINITIALIZED_AUTOS = YES_AGGRESSIVE;
				GCC_WARN_UNUSED_FUNCTION = YES;
				GCC_WARN_UNUSED_VARIABLE = YES;
				IPHONEOS_DEPLOYMENT_TARGET = 16.4;
				MTL_ENABLE_DEBUG_INFO = INCLUDE_SOURCE;
				MTL_FAST_MATH = YES;
				ONLY_ACTIVE_ARCH = YES;
				SDKROOT = iphoneos;
				SWIFT_ACTIVE_COMPILATION_CONDITIONS = DEBUG;
				SWIFT_OPTIMIZATION_LEVEL = "-Onone";
			};
			name = Debug;
		};
		CEE27F8629D8598A00A304C5 /* Release */ = {
			isa = XCBuildConfiguration;
			buildSettings = {
				ALWAYS_SEARCH_USER_PATHS = NO;
				CLANG_ANALYZER_NONNULL = YES;
				CLANG_ANALYZER_NUMBER_OBJECT_CONVERSION = YES_AGGRESSIVE;
				CLANG_CXX_LANGUAGE_STANDARD = "gnu++20";
				CLANG_ENABLE_MODULES = YES;
				CLANG_ENABLE_OBJC_ARC = YES;
				CLANG_ENABLE_OBJC_WEAK = YES;
				CLANG_WARN_BLOCK_CAPTURE_AUTORELEASING = YES;
				CLANG_WARN_BOOL_CONVERSION = YES;
				CLANG_WARN_COMMA = YES;
				CLANG_WARN_CONSTANT_CONVERSION = YES;
				CLANG_WARN_DEPRECATED_OBJC_IMPLEMENTATIONS = YES;
				CLANG_WARN_DIRECT_OBJC_ISA_USAGE = YES_ERROR;
				CLANG_WARN_DOCUMENTATION_COMMENTS = YES;
				CLANG_WARN_EMPTY_BODY = YES;
				CLANG_WARN_ENUM_CONVERSION = YES;
				CLANG_WARN_INFINITE_RECURSION = YES;
				CLANG_WARN_INT_CONVERSION = YES;
				CLANG_WARN_NON_LITERAL_NULL_CONVERSION = YES;
				CLANG_WARN_OBJC_IMPLICIT_RETAIN_SELF = YES;
				CLANG_WARN_OBJC_LITERAL_CONVERSION = YES;
				CLANG_WARN_OBJC_ROOT_CLASS = YES_ERROR;
				CLANG_WARN_QUOTED_INCLUDE_IN_FRAMEWORK_HEADER = YES;
				CLANG_WARN_RANGE_LOOP_ANALYSIS = YES;
				CLANG_WARN_STRICT_PROTOTYPES = YES;
				CLANG_WARN_SUSPICIOUS_MOVE = YES;
				CLANG_WARN_UNGUARDED_AVAILABILITY = YES_AGGRESSIVE;
				CLANG_WARN_UNREACHABLE_CODE = YES;
				CLANG_WARN__DUPLICATE_METHOD_MATCH = YES;
				COPY_PHASE_STRIP = NO;
				DEBUG_INFORMATION_FORMAT = "dwarf-with-dsym";
				ENABLE_NS_ASSERTIONS = NO;
				ENABLE_STRICT_OBJC_MSGSEND = YES;
				GCC_C_LANGUAGE_STANDARD = gnu11;
				GCC_NO_COMMON_BLOCKS = YES;
				GCC_WARN_64_TO_32_BIT_CONVERSION = YES;
				GCC_WARN_ABOUT_RETURN_TYPE = YES_ERROR;
				GCC_WARN_UNDECLARED_SELECTOR = YES;
				GCC_WARN_UNINITIALIZED_AUTOS = YES_AGGRESSIVE;
				GCC_WARN_UNUSED_FUNCTION = YES;
				GCC_WARN_UNUSED_VARIABLE = YES;
				IPHONEOS_DEPLOYMENT_TARGET = 16.4;
				MTL_ENABLE_DEBUG_INFO = NO;
				MTL_FAST_MATH = YES;
				SDKROOT = iphoneos;
				SWIFT_COMPILATION_MODE = wholemodule;
				SWIFT_OPTIMIZATION_LEVEL = "-O";
				VALIDATE_PRODUCT = YES;
			};
			name = Release;
		};
		CEE27F8829D8598A00A304C5 /* Debug */ = {
			isa = XCBuildConfiguration;
			buildSettings = {
				ASSETCATALOG_COMPILER_APPICON_NAME = AppIcon;
				ASSETCATALOG_COMPILER_GLOBAL_ACCENT_COLOR_NAME = AccentColor;
				CODE_SIGN_STYLE = Automatic;
				CURRENT_PROJECT_VERSION = 1;
				GENERATE_INFOPLIST_FILE = YES;
				INFOPLIST_FILE = "scaling-categorization/Info.plist";
				INFOPLIST_KEY_UIApplicationSupportsIndirectInputEvents = YES;
				INFOPLIST_KEY_UILaunchStoryboardName = LaunchScreen;
				INFOPLIST_KEY_UIMainStoryboardFile = Main;
				INFOPLIST_KEY_UISupportedInterfaceOrientations_iPad = "UIInterfaceOrientationPortrait UIInterfaceOrientationPortraitUpsideDown UIInterfaceOrientationLandscapeLeft UIInterfaceOrientationLandscapeRight";
				INFOPLIST_KEY_UISupportedInterfaceOrientations_iPhone = "UIInterfaceOrientationPortrait UIInterfaceOrientationLandscapeLeft UIInterfaceOrientationLandscapeRight";
				LD_RUNPATH_SEARCH_PATHS = (
					"$(inherited)",
					"@executable_path/Frameworks",
				);
				MARKETING_VERSION = 1.0;
				PRODUCT_BUNDLE_IDENTIFIER = "com.jipowell.scaling-categorization";
				PRODUCT_NAME = "$(TARGET_NAME)";
				SWIFT_EMIT_LOC_STRINGS = YES;
				SWIFT_VERSION = 5.0;
				TARGETED_DEVICE_FAMILY = "1,2";
			};
			name = Debug;
		};
		CEE27F8929D8598A00A304C5 /* Release */ = {
			isa = XCBuildConfiguration;
			buildSettings = {
				ASSETCATALOG_COMPILER_APPICON_NAME = AppIcon;
				ASSETCATALOG_COMPILER_GLOBAL_ACCENT_COLOR_NAME = AccentColor;
				CODE_SIGN_STYLE = Automatic;
				CURRENT_PROJECT_VERSION = 1;
				GENERATE_INFOPLIST_FILE = YES;
				INFOPLIST_FILE = "scaling-categorization/Info.plist";
				INFOPLIST_KEY_UIApplicationSupportsIndirectInputEvents = YES;
				INFOPLIST_KEY_UILaunchStoryboardName = LaunchScreen;
				INFOPLIST_KEY_UIMainStoryboardFile = Main;
				INFOPLIST_KEY_UISupportedInterfaceOrientations_iPad = "UIInterfaceOrientationPortrait UIInterfaceOrientationPortraitUpsideDown UIInterfaceOrientationLandscapeLeft UIInterfaceOrientationLandscapeRight";
				INFOPLIST_KEY_UISupportedInterfaceOrientations_iPhone = "UIInterfaceOrientationPortrait UIInterfaceOrientationLandscapeLeft UIInterfaceOrientationLandscapeRight";
				LD_RUNPATH_SEARCH_PATHS = (
					"$(inherited)",
					"@executable_path/Frameworks",
				);
				MARKETING_VERSION = 1.0;
				PRODUCT_BUNDLE_IDENTIFIER = "com.jipowell.scaling-categorization";
				PRODUCT_NAME = "$(TARGET_NAME)";
				SWIFT_EMIT_LOC_STRINGS = YES;
				SWIFT_VERSION = 5.0;
				TARGETED_DEVICE_FAMILY = "1,2";
			};
			name = Release;
		};
		CEE27F8B29D8598A00A304C5 /* Debug */ = {
			isa = XCBuildConfiguration;
			buildSettings = {
				ALWAYS_EMBED_SWIFT_STANDARD_LIBRARIES = YES;
				BUNDLE_LOADER = "$(TEST_HOST)";
				CODE_SIGN_STYLE = Automatic;
				CURRENT_PROJECT_VERSION = 1;
				GENERATE_INFOPLIST_FILE = YES;
				IPHONEOS_DEPLOYMENT_TARGET = 16.4;
				MARKETING_VERSION = 1.0;
				PRODUCT_BUNDLE_IDENTIFIER = "com.jipowell.scaling-categorizationTests";
				PRODUCT_NAME = "$(TARGET_NAME)";
				SWIFT_EMIT_LOC_STRINGS = NO;
				SWIFT_VERSION = 5.0;
				TARGETED_DEVICE_FAMILY = "1,2";
				TEST_HOST = "$(BUILT_PRODUCTS_DIR)/scaling-categorization.app/$(BUNDLE_EXECUTABLE_FOLDER_PATH)/scaling-categorization";
			};
			name = Debug;
		};
		CEE27F8C29D8598A00A304C5 /* Release */ = {
			isa = XCBuildConfiguration;
			buildSettings = {
				ALWAYS_EMBED_SWIFT_STANDARD_LIBRARIES = YES;
				BUNDLE_LOADER = "$(TEST_HOST)";
				CODE_SIGN_STYLE = Automatic;
				CURRENT_PROJECT_VERSION = 1;
				GENERATE_INFOPLIST_FILE = YES;
				IPHONEOS_DEPLOYMENT_TARGET = 16.4;
				MARKETING_VERSION = 1.0;
				PRODUCT_BUNDLE_IDENTIFIER = "com.jipowell.scaling-categorizationTests";
				PRODUCT_NAME = "$(TARGET_NAME)";
				SWIFT_EMIT_LOC_STRINGS = NO;
				SWIFT_VERSION = 5.0;
				TARGETED_DEVICE_FAMILY = "1,2";
				TEST_HOST = "$(BUILT_PRODUCTS_DIR)/scaling-categorization.app/$(BUNDLE_EXECUTABLE_FOLDER_PATH)/scaling-categorization";
			};
			name = Release;
		};
		CEE27F8E29D8598A00A304C5 /* Debug */ = {
			isa = XCBuildConfiguration;
			buildSettings = {
				ALWAYS_EMBED_SWIFT_STANDARD_LIBRARIES = YES;
				CODE_SIGN_STYLE = Automatic;
				CURRENT_PROJECT_VERSION = 1;
				GENERATE_INFOPLIST_FILE = YES;
				MARKETING_VERSION = 1.0;
				PRODUCT_BUNDLE_IDENTIFIER = "com.jipowell.scaling-categorizationUITests";
				PRODUCT_NAME = "$(TARGET_NAME)";
				SWIFT_EMIT_LOC_STRINGS = NO;
				SWIFT_VERSION = 5.0;
				TARGETED_DEVICE_FAMILY = "1,2";
				TEST_TARGET_NAME = "scaling-categorization";
			};
			name = Debug;
		};
		CEE27F8F29D8598A00A304C5 /* Release */ = {
			isa = XCBuildConfiguration;
			buildSettings = {
				ALWAYS_EMBED_SWIFT_STANDARD_LIBRARIES = YES;
				CODE_SIGN_STYLE = Automatic;
				CURRENT_PROJECT_VERSION = 1;
				GENERATE_INFOPLIST_FILE = YES;
				MARKETING_VERSION = 1.0;
				PRODUCT_BUNDLE_IDENTIFIER = "com.jipowell.scaling-categorizationUITests";
				PRODUCT_NAME = "$(TARGET_NAME)";
				SWIFT_EMIT_LOC_STRINGS = NO;
				SWIFT_VERSION = 5.0;
				TARGETED_DEVICE_FAMILY = "1,2";
				TEST_TARGET_NAME = "scaling-categorization";
			};
			name = Release;
		};
/* End XCBuildConfiguration section */

/* Begin XCConfigurationList section */
		CEE27F5529D8598600A304C5 /* Build configuration list for PBXProject "scaling-categorization" */ = {
			isa = XCConfigurationList;
			buildConfigurations = (
				CEE27F8529D8598A00A304C5 /* Debug */,
				CEE27F8629D8598A00A304C5 /* Release */,
			);
			defaultConfigurationIsVisible = 0;
			defaultConfigurationName = Release;
		};
		CEE27F8729D8598A00A304C5 /* Build configuration list for PBXNativeTarget "scaling-categorization" */ = {
			isa = XCConfigurationList;
			buildConfigurations = (
				CEE27F8829D8598A00A304C5 /* Debug */,
				CEE27F8929D8598A00A304C5 /* Release */,
			);
			defaultConfigurationIsVisible = 0;
			defaultConfigurationName = Release;
		};
		CEE27F8A29D8598A00A304C5 /* Build configuration list for PBXNativeTarget "scaling-categorizationTests" */ = {
			isa = XCConfigurationList;
			buildConfigurations = (
				CEE27F8B29D8598A00A304C5 /* Debug */,
				CEE27F8C29D8598A00A304C5 /* Release */,
			);
			defaultConfigurationIsVisible = 0;
			defaultConfigurationName = Release;
		};
		CEE27F8D29D8598A00A304C5 /* Build configuration list for PBXNativeTarget "scaling-categorizationUITests" */ = {
			isa = XCConfigurationList;
			buildConfigurations = (
				CEE27F8E29D8598A00A304C5 /* Debug */,
				CEE27F8F29D8598A00A304C5 /* Release */,
			);
			defaultConfigurationIsVisible = 0;
			defaultConfigurationName = Release;
		};
/* End XCConfigurationList section */

/* Begin XCVersionGroup section */
		CEE27F6629D8598600A304C5 /* scaling_categorization.xcdatamodeld */ = {
			isa = XCVersionGroup;
			children = (
				CEE27F6729D8598600A304C5 /* scaling_categorization.xcdatamodel */,
			);
			currentVersion = CEE27F6729D8598600A304C5 /* scaling_categorization.xcdatamodel */;
			path = scaling_categorization.xcdatamodeld;
			sourceTree = "<group>";
			versionGroupType = wrapper.xcdatamodel;
		};
/* End XCVersionGroup section */
	};
	rootObject = CEE27F5229D8598600A304C5 /* Project object */;
}
